
Microsoft Visual Studio Solution File, Format Version 12.00
# Visual Studio 15
VisualStudioVersion = 15.0.27130.2020
MinimumVisualStudioVersion = 10.0.40219.1
Project("{9A19103F-16F7-4668-BE54-9A1E7A4F7556}") = "DotNetCore20Example", "DotNetCore20Example\DotNetCore20Example.csproj", "{83329541-2581-49B4-B3A1-90ECAAAF4EAC}"
EndProject
Project("{2150E333-8FDC-42A3-9474-1A3956D46DE8}") = "Solution Items", "Solution Items", "{04066A51-B526-448A-8D16-C48B2D9D9E63}"
	ProjectSection(SolutionItems) = preProject
		README.md = README.md
	EndProjectSection
EndProject
Global
	GlobalSection(SolutionConfigurationPlatforms) = preSolution
		Debug|Any CPU = Debug|Any CPU
		Release|Any CPU = Release|Any CPU
	EndGlobalSection
	GlobalSection(ProjectConfigurationPlatforms) = postSolution
		{83329541-2581-49B4-B3A1-90ECAAAF4EAC}.Debug|Any CPU.ActiveCfg = Debug|Any CPU
		{83329541-2581-49B4-B3A1-90ECAAAF4EAC}.Debug|Any CPU.Build.0 = Debug|Any CPU
		{83329541-2581-49B4-B3A1-90ECAAAF4EAC}.Release|Any CPU.ActiveCfg = Release|Any CPU
		{83329541-2581-49B4-B3A1-90ECAAAF4EAC}.Release|Any CPU.Build.0 = Release|Any CPU
	EndGlobalSection
	GlobalSection(SolutionProperties) = preSolution
		HideSolutionNode = FALSE
	EndGlobalSection
	GlobalSection(ExtensibilityGlobals) = postSolution
		SolutionGuid = {E0CFA02B-ABD0-4543-8718-E719C18164F3}
	EndGlobalSection
EndGlobal
